
Microsoft Visual Studio Solution File, Format Version 12.00
# Visual Studio Version 16
VisualStudioVersion = 16.0.29613.14
MinimumVisualStudioVersion = 10.0.40219.1
Project("{FAE04EC0-301F-11D3-BF4B-00C04F79EFBC}") = "Kalkulator", "Kalkulator\Kalkulator.csproj", "{DC4B6E45-3F8B-4AD5-B0D3-F93E74AE9BD7}"
EndProject
Global
	GlobalSection(SolutionConfigurationPlatforms) = preSolution
		Debug|Any CPU = Debug|Any CPU
		Release|Any CPU = Release|Any CPU
	EndGlobalSection
	GlobalSection(ProjectConfigurationPlatforms) = postSolution
		{DC4B6E45-3F8B-4AD5-B0D3-F93E74AE9BD7}.Debug|Any CPU.ActiveCfg = Debug|Any CPU
		{DC4B6E45-3F8B-4AD5-B0D3-F93E74AE9BD7}.Debug|Any CPU.Build.0 = Debug|Any CPU
		{DC4B6E45-3F8B-4AD5-B0D3-F93E74AE9BD7}.Release|Any CPU.ActiveCfg = Release|Any CPU
		{DC4B6E45-3F8B-4AD5-B0D3-F93E74AE9BD7}.Release|Any CPU.Build.0 = Release|Any CPU
	EndGlobalSection
	GlobalSection(SolutionProperties) = preSolution
		HideSolutionNode = FALSE
	EndGlobalSection
	GlobalSection(ExtensibilityGlobals) = postSolution
		SolutionGuid = {E118EA47-7962-4F21-BCD0-51A793CA3A6D}
	EndGlobalSection
EndGlobal
